<?xml version="1.0" encoding="utf-8"?>
<Project ToolsVersion="4.0" xmlns="http://schemas.microsoft.com/developer/msbuild/2003">
  <ItemGroup>
    <Filter Include="source">
      <UniqueIdentifier>{4FC737F1-C7A5-4376-A066-2A32D752A2FF}</UniqueIdentifier>
      <Extensions>cpp;c;cc;cxx;c++;cppm;ixx;def;odl;idl;hpj;bat;asm;asmx</Extensions>
    </Filter>
  </ItemGroup>
  <ItemGroup>
    <ClCompile Include="src\entry.cpp">
      <Filter>source</Filter>
    </ClCompile>
    <ClCompile Include="src\mod\mod.cpp">
      <Filter>source</Filter>
    </ClCompile>
    <ClCompile Include="src\sdk\mapper.cpp">
      <Filter>source</Filter>
    </ClCompile>
    <ClCompile Include="src\sdk\wrapper\wrapper.cpp">
      <Filter>source</Filter>
    </ClCompile>
    <ClCompile Include="src\utils\game\game.hpp">
      <Filter>source</Filter>
    </ClCompile>
    <ClCompile Include="src\includes.cpp">
      <Filter>source</Filter>
    </ClCompile>
    <ClCompile Include="src\sdk\minecraft\minecraft.cpp">
      <Filter>source</Filter>
    </ClCompile>
    <ClCompile Include="src\sdk\net\minecraft\client\entity\AbstractClientPlayer.cpp">
      <Filter>source</Filter>
    </ClCompile>
    <ClCompile Include="src\sdk\net\minecraft\client\entity\EntityPlayerSP.cpp">
      <Filter>source</Filter>
    </ClCompile>
    <ClCompile Include="src\sdk\net\minecraft\client\gui\FontRenderer.cpp">
      <Filter>source</Filter>
    </ClCompile>
    <ClCompile Include="src\sdk\net\minecraft\client\gui\Gui.cpp">
      <Filter>source</Filter>
    </ClCompile>
    <ClCompile Include="src\sdk\net\minecraft\client\gui\GuiScreen.cpp">
      <Filter>source</Filter>
    </ClCompile>
    <ClCompile Include="src\sdk\net\minecraft\client\gui\inventory\GuiChest.cpp">
      <Filter>source</Filter>
    </ClCompile>
    <ClCompile Include="src\sdk\net\minecraft\client\gui\inventory\GuiContainer.cpp">
      <Filter>source</Filter>
    </ClCompile>
    <ClCompile Include="src\sdk\net\minecraft\client\gui\inventory\GuiInventory.cpp">
      <Filter>source</Filter>
    </ClCompile>
    <ClCompile Include="src\sdk\net\minecraft\client\Minecraft.cpp">
      <Filter>source</Filter>
    </ClCompile>
    <ClCompile Include="src\sdk\net\minecraft\client\multiplayer\PlayerControllerMP.cpp">
      <Filter>source</Filter>
    </ClCompile>
    <ClCompile Include="src\sdk\net\minecraft\client\multiplayer\WorldClient.cpp">
      <Filter>source</Filter>
    </ClCompile>
    <ClCompile Include="src\sdk\net\minecraft\client\network\NetHandlerPlayClient.cpp">
      <Filter>source</Filter>
    </ClCompile>
    <ClCompile Include="src\sdk\net\minecraft\client\renderer\ActiveRenderInfo.cpp">
      <Filter>source</Filter>
    </ClCompile>
    <ClCompile Include="src\sdk\net\minecraft\client\renderer\entity\Render.cpp">
      <Filter>source</Filter>
    </ClCompile>
    <ClCompile Include="src\sdk\net\minecraft\client\renderer\entity\RendererLivingEntity.cpp">
      <Filter>source</Filter>
    </ClCompile>
    <ClCompile Include="src\sdk\net\minecraft\client\renderer\entity\RenderItem.cpp">
      <Filter>source</Filter>
    </ClCompile>
    <ClCompile Include="src\sdk\net\minecraft\client\renderer\entity\RenderManager.cpp">
      <Filter>source</Filter>
    </ClCompile>
    <ClCompile Include="src\sdk\net\minecraft\client\renderer\IImageBuffer.cpp">
      <Filter>source</Filter>
    </ClCompile>
    <ClCompile Include="src\sdk\net\minecraft\client\renderer\RenderItem.cpp">
      <Filter>source</Filter>
    </ClCompile>
    <ClCompile Include="src\sdk\net\minecraft\client\renderer\texture\ITextureObject.cpp">
      <Filter>source</Filter>
    </ClCompile>
    <ClCompile Include="src\sdk\net\minecraft\client\renderer\texture\TextureManager.cpp">
      <Filter>source</Filter>
    </ClCompile>
    <ClCompile Include="src\sdk\net\minecraft\client\renderer\ThreadDownloadImageData.cpp">
      <Filter>source</Filter>
    </ClCompile>
    <ClCompile Include="src\sdk\net\minecraft\client\settings\GameSettings.cpp">
      <Filter>source</Filter>
    </ClCompile>
    <ClCompile Include="src\sdk\net\minecraft\client\settings\KeyBinding.cpp">
      <Filter>source</Filter>
    </ClCompile>
    <ClCompile Include="src\sdk\net\minecraft\enchantment\Enchantment.cpp">
      <Filter>source</Filter>
    </ClCompile>
    <ClCompile Include="src\sdk\net\minecraft\enchantment\EnchantmentHelper.cpp">
      <Filter>source</Filter>
    </ClCompile>
    <ClCompile Include="src\sdk\net\minecraft\entity\Entity.cpp">
      <Filter>source</Filter>
    </ClCompile>
    <ClCompile Include="src\sdk\net\minecraft\entity\EntityLivingBase.cpp">
      <Filter>source</Filter>
    </ClCompile>
    <ClCompile Include="src\sdk\net\minecraft\entity\monster\EntityMob.cpp">
      <Filter>source</Filter>
    </ClCompile>
    <ClCompile Include="src\sdk\net\minecraft\entity\passive\EntityAnimal.cpp">
      <Filter>source</Filter>
    </ClCompile>
    <ClCompile Include="src\sdk\net\minecraft\entity\player\EntityPlayer.cpp">
      <Filter>source</Filter>
    </ClCompile>
    <ClCompile Include="src\sdk\net\minecraft\entity\player\EntityPlayerMP.cpp">
      <Filter>source</Filter>
    </ClCompile>
    <ClCompile Include="src\sdk\net\minecraft\entity\player\InventoryPlayer.cpp">
      <Filter>source</Filter>
    </ClCompile>
    <ClCompile Include="src\sdk\net\minecraft\inventory\Container.cpp">
      <Filter>source</Filter>
    </ClCompile>
    <ClCompile Include="src\sdk\net\minecraft\inventory\IInventory.cpp">
      <Filter>source</Filter>
    </ClCompile>
    <ClCompile Include="src\sdk\net\minecraft\inventory\Slot.cpp">
      <Filter>source</Filter>
    </ClCompile>
    <ClCompile Include="src\sdk\net\minecraft\item\EnumAction.cpp">
      <Filter>source</Filter>
    </ClCompile>
    <ClCompile Include="src\sdk\net\minecraft\item\Item.cpp">
      <Filter>source</Filter>
    </ClCompile>
    <ClCompile Include="src\sdk\net\minecraft\item\ItemArmor.cpp">
      <Filter>source</Filter>
    </ClCompile>
    <ClCompile Include="src\sdk\net\minecraft\item\ItemAxe.cpp">
      <Filter>source</Filter>
    </ClCompile>
    <ClCompile Include="src\sdk\net\minecraft\item\ItemBlock.cpp">
      <Filter>source</Filter>
    </ClCompile>
    <ClCompile Include="src\sdk\net\minecraft\item\ItemEgg.cpp">
      <Filter>source</Filter>
    </ClCompile>
    <ClCompile Include="src\sdk\net\minecraft\item\ItemPotion.cpp">
      <Filter>source</Filter>
    </ClCompile>
    <ClCompile Include="src\sdk\net\minecraft\item\ItemSnowball.cpp">
      <Filter>source</Filter>
    </ClCompile>
    <ClCompile Include="src\sdk\net\minecraft\item\ItemStack.cpp">
      <Filter>source</Filter>
    </ClCompile>
    <ClCompile Include="src\sdk\net\minecraft\item\ItemSword.cpp">
      <Filter>source</Filter>
    </ClCompile>
    <ClCompile Include="src\sdk\net\minecraft\network\NetworkManager.cpp">
      <Filter>source</Filter>
    </ClCompile>
    <ClCompile Include="src\sdk\net\minecraft\network\play\client\C00PacketKeepAlive.cpp">
      <Filter>source</Filter>
    </ClCompile>
    <ClCompile Include="src\sdk\net\minecraft\network\play\client\C02PacketUseEntity.cpp">
      <Filter>source</Filter>
    </ClCompile>
    <ClCompile Include="src\sdk\net\minecraft\network\play\client\C03PacketPlayer.cpp">
      <Filter>source</Filter>
    </ClCompile>
    <ClCompile Include="src\sdk\net\minecraft\network\play\client\C09PacketHeldItemChange.cpp">
      <Filter>source</Filter>
    </ClCompile>
    <ClCompile Include="src\sdk\net\minecraft\network\play\client\C0APacketAnimation.cpp">
      <Filter>source</Filter>
    </ClCompile>
    <ClCompile Include="src\sdk\net\minecraft\network\play\client\C0BPacketEntityAction.cpp">
      <Filter>source</Filter>
    </ClCompile>
    <ClCompile Include="src\sdk\net\minecraft\network\play\client\C0FPacketConfirmTransaction.cpp">
      <Filter>source</Filter>
    </ClCompile>
    <ClCompile Include="src\sdk\net\minecraft\network\play\server\S00PacketKeepAlive.cpp">
      <Filter>source</Filter>
    </ClCompile>
    <ClCompile Include="src\sdk\net\minecraft\network\play\server\S12PacketEntityVelocity.cpp">
      <Filter>source</Filter>
    </ClCompile>
    <ClCompile Include="src\sdk\net\minecraft\network\play\server\S14PacketEntity.cpp">
      <Filter>source</Filter>
    </ClCompile>
    <ClCompile Include="src\sdk\net\minecraft\network\play\server\S18PacketEntityTeleport.cpp">
      <Filter>source</Filter>
    </ClCompile>
    <ClCompile Include="src\sdk\net\minecraft\network\play\server\S19PacketEntityHeadLook.cpp">
      <Filter>source</Filter>
    </ClCompile>
    <ClCompile Include="src\sdk\net\minecraft\network\play\server\S27PacketExplosion.cpp">
      <Filter>source</Filter>
    </ClCompile>
    <ClCompile Include="src\sdk\net\minecraft\network\play\server\S32PacketConfirmTransaction.cpp">
      <Filter>source</Filter>
    </ClCompile>
    <ClCompile Include="src\sdk\net\minecraft\potion\Potion.cpp">
      <Filter>source</Filter>
    </ClCompile>
    <ClCompile Include="src\sdk\net\minecraft\scoreboard\ScorePlayerTeam.cpp">
      <Filter>source</Filter>
    </ClCompile>
    <ClCompile Include="src\sdk\net\minecraft\scoreboard\Team$EnumVisible.cpp">
      <Filter>source</Filter>
    </ClCompile>
    <ClCompile Include="src\sdk\net\minecraft\scoreboard\Team.cpp">
      <Filter>source</Filter>
    </ClCompile>
    <ClCompile Include="src\sdk\net\minecraft\tileentity\TileEntityChest.cpp">
      <Filter>source</Filter>
    </ClCompile>
    <ClCompile Include="src\sdk\net\minecraft\tileentity\TileEntityEnderChest.cpp">
      <Filter>source</Filter>
    </ClCompile>
    <ClCompile Include="src\sdk\net\minecraft\util\BlockPos.cpp">
      <Filter>source</Filter>
    </ClCompile>
    <ClCompile Include="src\sdk\net\minecraft\util\IChatComponent.cpp">
      <Filter>source</Filter>
    </ClCompile>
    <ClCompile Include="src\sdk\net\minecraft\util\math\BlockPos.cpp">
      <Filter>source</Filter>
    </ClCompile>
    <ClCompile Include="src\sdk\net\minecraft\util\math\Vec3i.cpp">
      <Filter>source</Filter>
    </ClCompile>
    <ClCompile Include="src\sdk\net\minecraft\util\MouseHelper.cpp">
      <Filter>source</Filter>
    </ClCompile>
    <ClCompile Include="src\sdk\net\minecraft\util\MovingObjectPosition$MovingObjectType.cpp">
      <Filter>source</Filter>
    </ClCompile>
    <ClCompile Include="src\sdk\net\minecraft\util\MovingObjectPosition.cpp">
      <Filter>source</Filter>
    </ClCompile>
    <ClCompile Include="src\sdk\net\minecraft\util\ResourceLocation.cpp">
      <Filter>source</Filter>
    </ClCompile>
    <ClCompile Include="src\sdk\net\minecraft\util\Timer.cpp">
      <Filter>source</Filter>
    </ClCompile>
    <ClCompile Include="src\sdk\net\minecraft\util\Vec3.cpp">
      <Filter>source</Filter>
    </ClCompile>
    <ClCompile Include="src\sdk\net\minecraft\util\Vec3i.cpp">
      <Filter>source</Filter>
    </ClCompile>
    <ClCompile Include="src\sdk\net\minecraft\world\IWorldNameable.cpp">
      <Filter>source</Filter>
    </ClCompile>
    <ClCompile Include="src\sdk\net\minecraft\world\World.cpp">
      <Filter>source</Filter>
    </ClCompile>
  </ItemGroup>
  <ItemGroup>
    <ClInclude Include="src\includes.hpp" />
    <ClInclude Include="src\lib\lazy_importer\lazy_importer.hpp" />
    <ClInclude Include="src\lib\xorstr\xorstring.h" />
    <ClInclude Include="src\mod\mod.hpp" />
    <ClInclude Include="src\utils\console\console.hpp" />
    <ClInclude Include="src\utils\wrapper\jni\jni.h" />
    <ClInclude Include="src\sdk\mapper.hpp" />
    <ClInclude Include="src\utils\process\process.hpp" />
    <ClInclude Include="src\sdk\wrapper\wrapper.hpp" />
    <ClInclude Include="src\utils\string\string.hpp" />
    <ClInclude Include="src\sdk\minecraft\minecraft.hpp" />
    <ClInclude Include="src\sdk\mappings\classes.hpp" />
    <ClInclude Include="src\sdk\mappings\methods.hpp" />
    <ClInclude Include="src\sdk\net\minecraft\client\entity\AbstractClientPlayer.hpp" />
    <ClInclude Include="src\sdk\net\minecraft\client\entity\EntityPlayerSP.hpp" />
    <ClInclude Include="src\sdk\net\minecraft\client\gui\FontRenderer.hpp" />
    <ClInclude Include="src\sdk\net\minecraft\client\gui\Gui.hpp" />
    <ClInclude Include="src\sdk\net\minecraft\client\gui\GuiScreen.hpp" />
    <ClInclude Include="src\sdk\net\minecraft\client\gui\inventory\GuiChest.hpp" />
    <ClInclude Include="src\sdk\net\minecraft\client\gui\inventory\GuiContainer.hpp" />
    <ClInclude Include="src\sdk\net\minecraft\client\gui\inventory\GuiInventory.hpp" />
    <ClInclude Include="src\sdk\net\minecraft\client\Minecraft.hpp" />
    <ClInclude Include="src\sdk\net\minecraft\client\multiplayer\PlayerControllerMP.hpp" />
    <ClInclude Include="src\sdk\net\minecraft\client\multiplayer\WorldClient.hpp" />
    <ClInclude Include="src\sdk\net\minecraft\client\network\NetHandlerPlayClient.hpp" />
    <ClInclude Include="src\sdk\net\minecraft\client\renderer\ActiveRenderInfo.hpp" />
    <ClInclude Include="src\sdk\net\minecraft\client\renderer\entity\Render.hpp" />
    <ClInclude Include="src\sdk\net\minecraft\client\renderer\entity\RendererLivingEntity.hpp" />
    <ClInclude Include="src\sdk\net\minecraft\client\renderer\entity\RenderItem.hpp" />
    <ClInclude Include="src\sdk\net\minecraft\client\renderer\entity\RenderManager.hpp" />
    <ClInclude Include="src\sdk\net\minecraft\client\renderer\IImageBuffer.hpp" />
    <ClInclude Include="src\sdk\net\minecraft\client\renderer\RenderItem.hpp" />
    <ClInclude Include="src\sdk\net\minecraft\client\renderer\texture\ITextureObject.hpp" />
    <ClInclude Include="src\sdk\net\minecraft\client\renderer\texture\TextureManager.hpp" />
    <ClInclude Include="src\sdk\net\minecraft\client\renderer\ThreadDownloadImageData.hpp" />
    <ClInclude Include="src\sdk\net\minecraft\client\settings\GameSettings.hpp" />
    <ClInclude Include="src\sdk\net\minecraft\client\settings\KeyBinding.hpp" />
    <ClInclude Include="src\sdk\net\minecraft\enchantment\Enchantment.hpp" />
    <ClInclude Include="src\sdk\net\minecraft\enchantment\EnchantmentHelper.hpp" />
    <ClInclude Include="src\sdk\net\minecraft\entity\Entity.hpp" />
    <ClInclude Include="src\sdk\net\minecraft\entity\EntityLivingBase.hpp" />
    <ClInclude Include="src\sdk\net\minecraft\entity\monster\EntityMob.hpp" />
    <ClInclude Include="src\sdk\net\minecraft\entity\passive\EntityAnimal.hpp" />
    <ClInclude Include="src\sdk\net\minecraft\entity\player\EntityPlayer.hpp" />
    <ClInclude Include="src\sdk\net\minecraft\entity\player\EntityPlayerMP.hpp" />
    <ClInclude Include="src\sdk\net\minecraft\entity\player\InventoryPlayer.hpp" />
    <ClInclude Include="src\sdk\net\minecraft\inventory\Container.hpp" />
    <ClInclude Include="src\sdk\net\minecraft\inventory\IInventory.hpp" />
    <ClInclude Include="src\sdk\net\minecraft\inventory\Slot.hpp" />
    <ClInclude Include="src\sdk\net\minecraft\item\EnumAction.hpp" />
    <ClInclude Include="src\sdk\net\minecraft\item\Item.hpp" />
    <ClInclude Include="src\sdk\net\minecraft\item\ItemArmor.hpp" />
    <ClInclude Include="src\sdk\net\minecraft\item\ItemAxe.hpp" />
    <ClInclude Include="src\sdk\net\minecraft\item\ItemBlock.hpp" />
    <ClInclude Include="src\sdk\net\minecraft\item\ItemEgg.hpp" />
    <ClInclude Include="src\sdk\net\minecraft\item\ItemPotion.hpp" />
    <ClInclude Include="src\sdk\net\minecraft\item\ItemSnowball.hpp" />
    <ClInclude Include="src\sdk\net\minecraft\item\ItemStack.hpp" />
    <ClInclude Include="src\sdk\net\minecraft\item\ItemSword.hpp" />
    <ClInclude Include="src\sdk\net\minecraft\network\NetworkManager.hpp" />
    <ClInclude Include="src\sdk\net\minecraft\network\play\client\C00PacketKeepAlive.hpp" />
    <ClInclude Include="src\sdk\net\minecraft\network\play\client\C02PacketUseEntity.hpp" />
    <ClInclude Include="src\sdk\net\minecraft\network\play\client\C03PacketPlayer.hpp" />
    <ClInclude Include="src\sdk\net\minecraft\network\play\client\C09PacketHeldItemChange.hpp" />
    <ClInclude Include="src\sdk\net\minecraft\network\play\client\C0APacketAnimation.hpp" />
    <ClInclude Include="src\sdk\net\minecraft\network\play\client\C0BPacketEntityAction.hpp" />
    <ClInclude Include="src\sdk\net\minecraft\network\play\client\C0FPacketConfirmTransaction.hpp" />
    <ClInclude Include="src\sdk\net\minecraft\network\play\server\S00PacketKeepAlive.hpp" />
    <ClInclude Include="src\sdk\net\minecraft\network\play\server\S12PacketEntityVelocity.hpp" />
    <ClInclude Include="src\sdk\net\minecraft\network\play\server\S14PacketEntity.hpp" />
    <ClInclude Include="src\sdk\net\minecraft\network\play\server\S18PacketEntityTeleport.hpp" />
    <ClInclude Include="src\sdk\net\minecraft\network\play\server\S19PacketEntityHeadLook.hpp" />
    <ClInclude Include="src\sdk\net\minecraft\network\play\server\S27PacketExplosion.hpp" />
    <ClInclude Include="src\sdk\net\minecraft\network\play\server\S32PacketConfirmTransaction.hpp" />
    <ClInclude Include="src\sdk\net\minecraft\potion\Potion.hpp" />
    <ClInclude Include="src\sdk\net\minecraft\scoreboard\ScorePlayerTeam.hpp" />
    <ClInclude Include="src\sdk\net\minecraft\scoreboard\Team$EnumVisible.hpp" />
    <ClInclude Include="src\sdk\net\minecraft\scoreboard\Team.hpp" />
    <ClInclude Include="src\sdk\net\minecraft\tileentity\TileEntityChest.hpp" />
    <ClInclude Include="src\sdk\net\minecraft\tileentity\TileEntityEnderChest.hpp" />
    <ClInclude Include="src\sdk\net\minecraft\util\BlockPos.hpp" />
    <ClInclude Include="src\sdk\net\minecraft\util\IChatComponent.hpp" />
    <ClInclude Include="src\sdk\net\minecraft\util\math\BlockPos.hpp" />
    <ClInclude Include="src\sdk\net\minecraft\util\math\Vec3i.hpp" />
    <ClInclude Include="src\sdk\net\minecraft\util\MouseHelper.hpp" />
    <ClInclude Include="src\sdk\net\minecraft\util\MovingObjectPosition$MovingObjectType.hpp" />
    <ClInclude Include="src\sdk\net\minecraft\util\MovingObjectPosition.hpp" />
    <ClInclude Include="src\sdk\net\minecraft\util\ResourceLocation.hpp" />
    <ClInclude Include="src\sdk\net\minecraft\util\Timer.hpp" />
    <ClInclude Include="src\sdk\net\minecraft\util\Vec3.hpp" />
    <ClInclude Include="src\sdk\net\minecraft\util\Vec3i.hpp" />
    <ClInclude Include="src\sdk\net\minecraft\world\IWorldNameable.hpp" />
    <ClInclude Include="src\sdk\net\minecraft\world\World.hpp" />
    <ClInclude Include="src\sdk\abstract\fields.hpp" />
  </ItemGroup>
</Project>